
Microsoft Visual Studio Solution File, Format Version 12.00
# Visual Studio Version 17
VisualStudioVersion = 17.11.35327.3
MinimumVisualStudioVersion = 10.0.40219.1
Project("{FAE04EC0-301F-11D3-BF4B-00C04F79EFBC}") = "AnalyticalGeometry.View", "AnalyticalGeometry.View\AnalyticalGeometry.View.csproj", "{14A8F73B-E3CE-4F8A-A5AF-D3AE8BD8E178}"
EndProject
Project("{FAE04EC0-301F-11D3-BF4B-00C04F79EFBC}") = "AnalyticalGeometry.Model", "AnalyticalGeometry.Model\AnalyticalGeometry.Model.csproj", "{73613E15-5509-4F3D-8516-FAD048DC75F9}"
EndProject
Project("{FAE04EC0-301F-11D3-BF4B-00C04F79EFBC}") = "AnalyticalGeometry.ViewModel", "AnalyticalGeometry.ViewModel\AnalyticalGeometry.ViewModel.csproj", "{2FA4091B-DD25-4458-850F-6ED3CF468480}"
EndProject
Global
	GlobalSection(SolutionConfigurationPlatforms) = preSolution
		Debug|Any CPU = Debug|Any CPU
		Release|Any CPU = Release|Any CPU
	EndGlobalSection
	GlobalSection(ProjectConfigurationPlatforms) = postSolution
		{14A8F73B-E3CE-4F8A-A5AF-D3AE8BD8E178}.Debug|Any CPU.ActiveCfg = Debug|Any CPU
		{14A8F73B-E3CE-4F8A-A5AF-D3AE8BD8E178}.Debug|Any CPU.Build.0 = Debug|Any CPU
		{14A8F73B-E3CE-4F8A-A5AF-D3AE8BD8E178}.Release|Any CPU.ActiveCfg = Release|Any CPU
		{14A8F73B-E3CE-4F8A-A5AF-D3AE8BD8E178}.Release|Any CPU.Build.0 = Release|Any CPU
		{73613E15-5509-4F3D-8516-FAD048DC75F9}.Debug|Any CPU.ActiveCfg = Debug|Any CPU
		{73613E15-5509-4F3D-8516-FAD048DC75F9}.Debug|Any CPU.Build.0 = Debug|Any CPU
		{73613E15-5509-4F3D-8516-FAD048DC75F9}.Release|Any CPU.ActiveCfg = Release|Any CPU
		{73613E15-5509-4F3D-8516-FAD048DC75F9}.Release|Any CPU.Build.0 = Release|Any CPU
		{2FA4091B-DD25-4458-850F-6ED3CF468480}.Debug|Any CPU.ActiveCfg = Debug|Any CPU
		{2FA4091B-DD25-4458-850F-6ED3CF468480}.Debug|Any CPU.Build.0 = Debug|Any CPU
		{2FA4091B-DD25-4458-850F-6ED3CF468480}.Release|Any CPU.ActiveCfg = Release|Any CPU
		{2FA4091B-DD25-4458-850F-6ED3CF468480}.Release|Any CPU.Build.0 = Release|Any CPU
	EndGlobalSection
	GlobalSection(SolutionProperties) = preSolution
		HideSolutionNode = FALSE
	EndGlobalSection
	GlobalSection(ExtensibilityGlobals) = postSolution
		SolutionGuid = {93722932-165F-480C-831C-283A392AECFF}
	EndGlobalSection
EndGlobal
